
Microsoft Visual Studio Solution File, Format Version 12.00
# Visual Studio Version 16
VisualStudioVersion = 16.0.29905.134
MinimumVisualStudioVersion = 10.0.40219.1
Project("{9A19103F-16F7-4668-BE54-9A1E7A4F7556}") = "FootballWebApp.Server", "FootballWebApp\Server\FootballWebApp.Server.csproj", "{839FA618-E6BB-4FD8-95B4-483567897284}"
EndProject
Project("{9A19103F-16F7-4668-BE54-9A1E7A4F7556}") = "FootballWebApp.Client", "FootballWebApp\Client\FootballWebApp.Client.csproj", "{D36E10B6-A7CD-404A-9E26-D1DDA98144BA}"
EndProject
Project("{9A19103F-16F7-4668-BE54-9A1E7A4F7556}") = "FootballWebApp.Shared", "FootballWebApp\Shared\FootballWebApp.Shared.csproj", "{9B3AF381-30B3-4B71-8D04-1803FE7262BB}"
EndProject
Global
	GlobalSection(SolutionConfigurationPlatforms) = preSolution
		Debug|Any CPU = Debug|Any CPU
		Release|Any CPU = Release|Any CPU
	EndGlobalSection
	GlobalSection(ProjectConfigurationPlatforms) = postSolution
		{839FA618-E6BB-4FD8-95B4-483567897284}.Debug|Any CPU.ActiveCfg = Debug|Any CPU
		{839FA618-E6BB-4FD8-95B4-483567897284}.Debug|Any CPU.Build.0 = Debug|Any CPU
		{839FA618-E6BB-4FD8-95B4-483567897284}.Release|Any CPU.ActiveCfg = Release|Any CPU
		{839FA618-E6BB-4FD8-95B4-483567897284}.Release|Any CPU.Build.0 = Release|Any CPU
		{D36E10B6-A7CD-404A-9E26-D1DDA98144BA}.Debug|Any CPU.ActiveCfg = Debug|Any CPU
		{D36E10B6-A7CD-404A-9E26-D1DDA98144BA}.Debug|Any CPU.Build.0 = Debug|Any CPU
		{D36E10B6-A7CD-404A-9E26-D1DDA98144BA}.Release|Any CPU.ActiveCfg = Release|Any CPU
		{D36E10B6-A7CD-404A-9E26-D1DDA98144BA}.Release|Any CPU.Build.0 = Release|Any CPU
		{9B3AF381-30B3-4B71-8D04-1803FE7262BB}.Debug|Any CPU.ActiveCfg = Debug|Any CPU
		{9B3AF381-30B3-4B71-8D04-1803FE7262BB}.Debug|Any CPU.Build.0 = Debug|Any CPU
		{9B3AF381-30B3-4B71-8D04-1803FE7262BB}.Release|Any CPU.ActiveCfg = Release|Any CPU
		{9B3AF381-30B3-4B71-8D04-1803FE7262BB}.Release|Any CPU.Build.0 = Release|Any CPU
	EndGlobalSection
	GlobalSection(SolutionProperties) = preSolution
		HideSolutionNode = FALSE
	EndGlobalSection
	GlobalSection(ExtensibilityGlobals) = postSolution
		SolutionGuid = {B512A67C-CBA5-4CEE-8308-596E9ADFA0CB}
	EndGlobalSection
EndGlobal
